// !$*UTF8*$!
{
	archiveVersion = 1;
	classes = {
	};
	objectVersion = 46;
	objects = {

/* Begin PBXBuildFile section */
		371A31641DE8861300E6919E /* main.m in Sources */ = {isa = PBXBuildFile; fileRef = 371A31631DE8861300E6919E /* main.m */; };
		371A31671DE8861300E6919E /* AppDelegate.m in Sources */ = {isa = PBXBuildFile; fileRef = 371A31661DE8861300E6919E /* AppDelegate.m */; };
		371A316D1DE8861300E6919E /* Main.storyboard in Resources */ = {isa = PBXBuildFile; fileRef = 371A316B1DE8861300E6919E /* Main.storyboard */; };
		371A316F1DE8861300E6919E /* Assets.xcassets in Resources */ = {isa = PBXBuildFile; fileRef = 371A316E1DE8861300E6919E /* Assets.xcassets */; };
		371A31721DE8861300E6919E /* LaunchScreen.storyboard in Resources */ = {isa = PBXBuildFile; fileRef = 371A31701DE8861300E6919E /* LaunchScreen.storyboard */; };
		371A317D1DE8861400E6919E /* AssignmentTests.m in Sources */ = {isa = PBXBuildFile; fileRef = 371A317C1DE8861400E6919E /* AssignmentTests.m */; };
		371A31881DE8861400E6919E /* AssignmentUITests.m in Sources */ = {isa = PBXBuildFile; fileRef = 371A31871DE8861400E6919E /* AssignmentUITests.m */; };
		371A31A31DE8A43500E6919E /* HomeViewController.m in Sources */ = {isa = PBXBuildFile; fileRef = 371A31A21DE8A43500E6919E /* HomeViewController.m */; settings = {ASSET_TAGS = (); }; };
		371A31A71DE8A4F100E6919E /* ProductCollectionViewCell.m in Sources */ = {isa = PBXBuildFile; fileRef = 371A31A61DE8A4F100E6919E /* ProductCollectionViewCell.m */; settings = {ASSET_TAGS = (); }; };
		371A31AE1DE8A90F00E6919E /* ProductCollectionViewDelegate.m in Sources */ = {isa = PBXBuildFile; fileRef = 371A31AD1DE8A90F00E6919E /* ProductCollectionViewDelegate.m */; settings = {ASSET_TAGS = (); }; };
		371A31B21DE8CB5400E6919E /* ProductCollectionReusableView.m in Sources */ = {isa = PBXBuildFile; fileRef = 371A31B11DE8CB5400E6919E /* ProductCollectionReusableView.m */; settings = {ASSET_TAGS = (); }; };
		371A31BA1DE8F4CE00E6919E /* Raleway-Bold.ttf in Resources */ = {isa = PBXBuildFile; fileRef = 371A31B61DE8F4CE00E6919E /* Raleway-Bold.ttf */; settings = {ASSET_TAGS = (); }; };
		371A31BB1DE8F4CE00E6919E /* Raleway-Light.ttf in Resources */ = {isa = PBXBuildFile; fileRef = 371A31B71DE8F4CE00E6919E /* Raleway-Light.ttf */; settings = {ASSET_TAGS = (); }; };
		371A31BC1DE8F4CE00E6919E /* Raleway-Medium.ttf in Resources */ = {isa = PBXBuildFile; fileRef = 371A31B81DE8F4CE00E6919E /* Raleway-Medium.ttf */; settings = {ASSET_TAGS = (); }; };
		371A31BD1DE8F4CE00E6919E /* Raleway-Regular.ttf in Resources */ = {isa = PBXBuildFile; fileRef = 371A31B91DE8F4CE00E6919E /* Raleway-Regular.ttf */; settings = {ASSET_TAGS = (); }; };
/* End PBXBuildFile section */

/* Begin PBXContainerItemProxy section */
		371A31791DE8861400E6919E /* PBXContainerItemProxy */ = {
			isa = PBXContainerItemProxy;
			containerPortal = 371A31571DE8861300E6919E /* Project object */;
			proxyType = 1;
			remoteGlobalIDString = 371A315E1DE8861300E6919E;
			remoteInfo = Assignment;
		};
		371A31841DE8861400E6919E /* PBXContainerItemProxy */ = {
			isa = PBXContainerItemProxy;
			containerPortal = 371A31571DE8861300E6919E /* Project object */;
			proxyType = 1;
			remoteGlobalIDString = 371A315E1DE8861300E6919E;
			remoteInfo = Assignment;
		};
/* End PBXContainerItemProxy section */

/* Begin PBXFileReference section */
		371A315F1DE8861300E6919E /* Assignment.app */ = {isa = PBXFileReference; explicitFileType = wrapper.application; includeInIndex = 0; path = Assignment.app; sourceTree = BUILT_PRODUCTS_DIR; };
		371A31631DE8861300E6919E /* main.m */ = {isa = PBXFileReference; lastKnownFileType = sourcecode.c.objc; path = main.m; sourceTree = "<group>"; };
		371A31651DE8861300E6919E /* AppDelegate.h */ = {isa = PBXFileReference; lastKnownFileType = sourcecode.c.h; path = AppDelegate.h; sourceTree = "<group>"; };
		371A31661DE8861300E6919E /* AppDelegate.m */ = {isa = PBXFileReference; lastKnownFileType = sourcecode.c.objc; path = AppDelegate.m; sourceTree = "<group>"; };
		371A316C1DE8861300E6919E /* Base */ = {isa = PBXFileReference; lastKnownFileType = file.storyboard; name = Base; path = Base.lproj/Main.storyboard; sourceTree = "<group>"; };
		371A316E1DE8861300E6919E /* Assets.xcassets */ = {isa = PBXFileReference; lastKnownFileType = folder.assetcatalog; path = Assets.xcassets; sourceTree = "<group>"; };
		371A31711DE8861300E6919E /* Base */ = {isa = PBXFileReference; lastKnownFileType = file.storyboard; name = Base; path = Base.lproj/LaunchScreen.storyboard; sourceTree = "<group>"; };
		371A31731DE8861300E6919E /* Info.plist */ = {isa = PBXFileReference; lastKnownFileType = text.plist.xml; path = Info.plist; sourceTree = "<group>"; };
		371A31781DE8861400E6919E /* AssignmentTests.xctest */ = {isa = PBXFileReference; explicitFileType = wrapper.cfbundle; includeInIndex = 0; path = AssignmentTests.xctest; sourceTree = BUILT_PRODUCTS_DIR; };
		371A317C1DE8861400E6919E /* AssignmentTests.m */ = {isa = PBXFileReference; lastKnownFileType = sourcecode.c.objc; path = AssignmentTests.m; sourceTree = "<group>"; };
		371A317E1DE8861400E6919E /* Info.plist */ = {isa = PBXFileReference; lastKnownFileType = text.plist.xml; path = Info.plist; sourceTree = "<group>"; };
		371A31831DE8861400E6919E /* AssignmentUITests.xctest */ = {isa = PBXFileReference; explicitFileType = wrapper.cfbundle; includeInIndex = 0; path = AssignmentUITests.xctest; sourceTree = BUILT_PRODUCTS_DIR; };
		371A31871DE8861400E6919E /* AssignmentUITests.m */ = {isa = PBXFileReference; lastKnownFileType = sourcecode.c.objc; path = AssignmentUITests.m; sourceTree = "<group>"; };
		371A31891DE8861400E6919E /* Info.plist */ = {isa = PBXFileReference; lastKnownFileType = text.plist.xml; path = Info.plist; sourceTree = "<group>"; };
		371A31A11DE8A43500E6919E /* HomeViewController.h */ = {isa = PBXFileReference; fileEncoding = 4; lastKnownFileType = sourcecode.c.h; path = HomeViewController.h; sourceTree = "<group>"; };
		371A31A21DE8A43500E6919E /* HomeViewController.m */ = {isa = PBXFileReference; fileEncoding = 4; lastKnownFileType = sourcecode.c.objc; path = HomeViewController.m; sourceTree = "<group>"; };
		371A31A51DE8A4F100E6919E /* ProductCollectionViewCell.h */ = {isa = PBXFileReference; fileEncoding = 4; lastKnownFileType = sourcecode.c.h; path = ProductCollectionViewCell.h; sourceTree = "<group>"; };
		371A31A61DE8A4F100E6919E /* ProductCollectionViewCell.m */ = {isa = PBXFileReference; fileEncoding = 4; lastKnownFileType = sourcecode.c.objc; path = ProductCollectionViewCell.m; sourceTree = "<group>"; };
		371A31AC1DE8A90F00E6919E /* ProductCollectionViewDelegate.h */ = {isa = PBXFileReference; fileEncoding = 4; lastKnownFileType = sourcecode.c.h; path = ProductCollectionViewDelegate.h; sourceTree = "<group>"; };
		371A31AD1DE8A90F00E6919E /* ProductCollectionViewDelegate.m */ = {isa = PBXFileReference; fileEncoding = 4; lastKnownFileType = sourcecode.c.objc; path = ProductCollectionViewDelegate.m; sourceTree = "<group>"; };
		371A31B01DE8CB5400E6919E /* ProductCollectionReusableView.h */ = {isa = PBXFileReference; fileEncoding = 4; lastKnownFileType = sourcecode.c.h; path = ProductCollectionReusableView.h; sourceTree = "<group>"; };
		371A31B11DE8CB5400E6919E /* ProductCollectionReusableView.m */ = {isa = PBXFileReference; fileEncoding = 4; lastKnownFileType = sourcecode.c.objc; path = ProductCollectionReusableView.m; sourceTree = "<group>"; };
		371A31B31DE8DB1F00E6919E /* Constent.h */ = {isa = PBXFileReference; lastKnownFileType = sourcecode.c.h; path = Constent.h; sourceTree = "<group>"; };
		371A31B61DE8F4CE00E6919E /* Raleway-Bold.ttf */ = {isa = PBXFileReference; lastKnownFileType = file; path = "Raleway-Bold.ttf"; sourceTree = "<group>"; };
		371A31B71DE8F4CE00E6919E /* Raleway-Light.ttf */ = {isa = PBXFileReference; lastKnownFileType = file; path = "Raleway-Light.ttf"; sourceTree = "<group>"; };
		371A31B81DE8F4CE00E6919E /* Raleway-Medium.ttf */ = {isa = PBXFileReference; lastKnownFileType = file; path = "Raleway-Medium.ttf"; sourceTree = "<group>"; };
		371A31B91DE8F4CE00E6919E /* Raleway-Regular.ttf */ = {isa = PBXFileReference; lastKnownFileType = file; path = "Raleway-Regular.ttf"; sourceTree = "<group>"; };
/* End PBXFileReference section */

/* Begin PBXFrameworksBuildPhase section */
		371A315C1DE8861300E6919E /* Frameworks */ = {
			isa = PBXFrameworksBuildPhase;
			buildActionMask = 2147483647;
			files = (
			);
			runOnlyForDeploymentPostprocessing = 0;
		};
		371A31751DE8861400E6919E /* Frameworks */ = {
			isa = PBXFrameworksBuildPhase;
			buildActionMask = 2147483647;
			files = (
			);
			runOnlyForDeploymentPostprocessing = 0;
		};
		371A31801DE8861400E6919E /* Frameworks */ = {
			isa = PBXFrameworksBuildPhase;
			buildActionMask = 2147483647;
			files = (
			);
			runOnlyForDeploymentPostprocessing = 0;
		};
/* End PBXFrameworksBuildPhase section */

/* Begin PBXGroup section */
		371A31561DE8861300E6919E = {
			isa = PBXGroup;
			children = (
				371A31611DE8861300E6919E /* Assignment */,
				371A317B1DE8861400E6919E /* AssignmentTests */,
				371A31861DE8861400E6919E /* AssignmentUITests */,
				371A31601DE8861300E6919E /* Products */,
			);
			sourceTree = "<group>";
		};
		371A31601DE8861300E6919E /* Products */ = {
			isa = PBXGroup;
			children = (
				371A315F1DE8861300E6919E /* Assignment.app */,
				371A31781DE8861400E6919E /* AssignmentTests.xctest */,
				371A31831DE8861400E6919E /* AssignmentUITests.xctest */,
			);
			name = Products;
			sourceTree = "<group>";
		};
		371A31611DE8861300E6919E /* Assignment */ = {
			isa = PBXGroup;
			children = (
				371A31651DE8861300E6919E /* AppDelegate.h */,
				371A31661DE8861300E6919E /* AppDelegate.m */,
				371A319F1DE8A40200E6919E /* Controllers */,
				371A31A41DE8A4B100E6919E /* CollectionViewCell */,
				371A31A81DE8A4FE00E6919E /* Delegates */,
				371A31AF1DE8CB1F00E6919E /* ResueableView */,
				371A31B41DE8F48E00E6919E /* Libraries */,
				371A31621DE8861300E6919E /* Supporting Files */,
			);
			path = Assignment;
			sourceTree = "<group>";
		};
		371A31621DE8861300E6919E /* Supporting Files */ = {
			isa = PBXGroup;
			children = (
				371A316B1DE8861300E6919E /* Main.storyboard */,
				371A316E1DE8861300E6919E /* Assets.xcassets */,
				371A31701DE8861300E6919E /* LaunchScreen.storyboard */,
				371A31731DE8861300E6919E /* Info.plist */,
				371A31631DE8861300E6919E /* main.m */,
				371A31B31DE8DB1F00E6919E /* Constent.h */,
			);
			name = "Supporting Files";
			sourceTree = "<group>";
		};
		371A317B1DE8861400E6919E /* AssignmentTests */ = {
			isa = PBXGroup;
			children = (
				371A317C1DE8861400E6919E /* AssignmentTests.m */,
				371A317E1DE8861400E6919E /* Info.plist */,
			);
			path = AssignmentTests;
			sourceTree = "<group>";
		};
		371A31861DE8861400E6919E /* AssignmentUITests */ = {
			isa = PBXGroup;
			children = (
				371A31871DE8861400E6919E /* AssignmentUITests.m */,
				371A31891DE8861400E6919E /* Info.plist */,
			);
			path = AssignmentUITests;
			sourceTree = "<group>";
		};
		371A319F1DE8A40200E6919E /* Controllers */ = {
			isa = PBXGroup;
			children = (
				371A31A01DE8A41F00E6919E /* HomeViewController */,
			);
			name = Controllers;
			sourceTree = "<group>";
		};
		371A31A01DE8A41F00E6919E /* HomeViewController */ = {
			isa = PBXGroup;
			children = (
				371A31A11DE8A43500E6919E /* HomeViewController.h */,
				371A31A21DE8A43500E6919E /* HomeViewController.m */,
			);
			name = HomeViewController;
			sourceTree = "<group>";
		};
		371A31A41DE8A4B100E6919E /* CollectionViewCell */ = {
			isa = PBXGroup;
			children = (
				371A31A51DE8A4F100E6919E /* ProductCollectionViewCell.h */,
				371A31A61DE8A4F100E6919E /* ProductCollectionViewCell.m */,
			);
			name = CollectionViewCell;
			sourceTree = "<group>";
		};
		371A31A81DE8A4FE00E6919E /* Delegates */ = {
			isa = PBXGroup;
			children = (
				371A31AC1DE8A90F00E6919E /* ProductCollectionViewDelegate.h */,
				371A31AD1DE8A90F00E6919E /* ProductCollectionViewDelegate.m */,
			);
			name = Delegates;
			sourceTree = "<group>";
		};
		371A31AF1DE8CB1F00E6919E /* ResueableView */ = {
			isa = PBXGroup;
			children = (
				371A31B01DE8CB5400E6919E /* ProductCollectionReusableView.h */,
				371A31B11DE8CB5400E6919E /* ProductCollectionReusableView.m */,
			);
			name = ResueableView;
			sourceTree = "<group>";
		};
		371A31B41DE8F48E00E6919E /* Libraries */ = {
			isa = PBXGroup;
			children = (
				371A31B51DE8F4A000E6919E /* Fonts */,
			);
			name = Libraries;
			sourceTree = "<group>";
		};
		371A31B51DE8F4A000E6919E /* Fonts */ = {
			isa = PBXGroup;
			children = (
				371A31B61DE8F4CE00E6919E /* Raleway-Bold.ttf */,
				371A31B71DE8F4CE00E6919E /* Raleway-Light.ttf */,
				371A31B81DE8F4CE00E6919E /* Raleway-Medium.ttf */,
				371A31B91DE8F4CE00E6919E /* Raleway-Regular.ttf */,
			);
			name = Fonts;
			sourceTree = "<group>";
		};
/* End PBXGroup section */

/* Begin PBXNativeTarget section */
		371A315E1DE8861300E6919E /* Assignment */ = {
			isa = PBXNativeTarget;
			buildConfigurationList = 371A318C1DE8861400E6919E /* Build configuration list for PBXNativeTarget "Assignment" */;
			buildPhases = (
				371A315B1DE8861300E6919E /* Sources */,
				371A315C1DE8861300E6919E /* Frameworks */,
				371A315D1DE8861300E6919E /* Resources */,
			);
			buildRules = (
			);
			dependencies = (
			);
			name = Assignment;
			productName = Assignment;
			productReference = 371A315F1DE8861300E6919E /* Assignment.app */;
			productType = "com.apple.product-type.application";
		};
		371A31771DE8861400E6919E /* AssignmentTests */ = {
			isa = PBXNativeTarget;
			buildConfigurationList = 371A318F1DE8861400E6919E /* Build configuration list for PBXNativeTarget "AssignmentTests" */;
			buildPhases = (
				371A31741DE8861400E6919E /* Sources */,
				371A31751DE8861400E6919E /* Frameworks */,
				371A31761DE8861400E6919E /* Resources */,
			);
			buildRules = (
			);
			dependencies = (
				371A317A1DE8861400E6919E /* PBXTargetDependency */,
			);
			name = AssignmentTests;
			productName = AssignmentTests;
			productReference = 371A31781DE8861400E6919E /* AssignmentTests.xctest */;
			productType = "com.apple.product-type.bundle.unit-test";
		};
		371A31821DE8861400E6919E /* AssignmentUITests */ = {
			isa = PBXNativeTarget;
			buildConfigurationList = 371A31921DE8861400E6919E /* Build configuration list for PBXNativeTarget "AssignmentUITests" */;
			buildPhases = (
				371A317F1DE8861400E6919E /* Sources */,
				371A31801DE8861400E6919E /* Frameworks */,
				371A31811DE8861400E6919E /* Resources */,
			);
			buildRules = (
			);
			dependencies = (
				371A31851DE8861400E6919E /* PBXTargetDependency */,
			);
			name = AssignmentUITests;
			productName = AssignmentUITests;
			productReference = 371A31831DE8861400E6919E /* AssignmentUITests.xctest */;
			productType = "com.apple.product-type.bundle.ui-testing";
		};
/* End PBXNativeTarget section */

/* Begin PBXProject section */
		371A31571DE8861300E6919E /* Project object */ = {
			isa = PBXProject;
			attributes = {
				LastUpgradeCheck = 0700;
				ORGANIZATIONNAME = "Muhammad Bilal";
				TargetAttributes = {
					371A315E1DE8861300E6919E = {
						CreatedOnToolsVersion = 7.0;
					};
					371A31771DE8861400E6919E = {
						CreatedOnToolsVersion = 7.0;
						TestTargetID = 371A315E1DE8861300E6919E;
					};
					371A31821DE8861400E6919E = {
						CreatedOnToolsVersion = 7.0;
						TestTargetID = 371A315E1DE8861300E6919E;
					};
				};
			};
			buildConfigurationList = 371A315A1DE8861300E6919E /* Build configuration list for PBXProject "Assignment" */;
			compatibilityVersion = "Xcode 3.2";
			developmentRegion = English;
			hasScannedForEncodings = 0;
			knownRegions = (
				en,
				Base,
			);
			mainGroup = 371A31561DE8861300E6919E;
			productRefGroup = 371A31601DE8861300E6919E /* Products */;
			projectDirPath = "";
			projectRoot = "";
			targets = (
				371A315E1DE8861300E6919E /* Assignment */,
				371A31771DE8861400E6919E /* AssignmentTests */,
				371A31821DE8861400E6919E /* AssignmentUITests */,
			);
		};
/* End PBXProject section */

/* Begin PBXResourcesBuildPhase section */
		371A315D1DE8861300E6919E /* Resources */ = {
			isa = PBXResourcesBuildPhase;
			buildActionMask = 2147483647;
			files = (
				371A31721DE8861300E6919E /* LaunchScreen.storyboard in Resources */,
				371A31BC1DE8F4CE00E6919E /* Raleway-Medium.ttf in Resources */,
				371A31BB1DE8F4CE00E6919E /* Raleway-Light.ttf in Resources */,
				371A31BD1DE8F4CE00E6919E /* Raleway-Regular.ttf in Resources */,
				371A316F1DE8861300E6919E /* Assets.xcassets in Resources */,
				371A316D1DE8861300E6919E /* Main.storyboard in Resources */,
				371A31BA1DE8F4CE00E6919E /* Raleway-Bold.ttf in Resources */,
			);
			runOnlyForDeploymentPostprocessing = 0;
		};
		371A31761DE8861400E6919E /* Resources */ = {
			isa = PBXResourcesBuildPhase;
			buildActionMask = 2147483647;
			files = (
			);
			runOnlyForDeploymentPostprocessing = 0;
		};
		371A31811DE8861400E6919E /* Resources */ = {
			isa = PBXResourcesBuildPhase;
			buildActionMask = 2147483647;
			files = (
			);
			runOnlyForDeploymentPostprocessing = 0;
		};
/* End PBXResourcesBuildPhase section */

/* Begin PBXSourcesBuildPhase section */
		371A315B1DE8861300E6919E /* Sources */ = {
			isa = PBXSourcesBuildPhase;
			buildActionMask = 2147483647;
			files = (
				371A31AE1DE8A90F00E6919E /* ProductCollectionViewDelegate.m in Sources */,
				371A31B21DE8CB5400E6919E /* ProductCollectionReusableView.m in Sources */,
				371A31671DE8861300E6919E /* AppDelegate.m in Sources */,
				371A31641DE8861300E6919E /* main.m in Sources */,
				371A31A71DE8A4F100E6919E /* ProductCollectionViewCell.m in Sources */,
				371A31A31DE8A43500E6919E /* HomeViewController.m in Sources */,
			);
			runOnlyForDeploymentPostprocessing = 0;
		};
		371A31741DE8861400E6919E /* Sources */ = {
			isa = PBXSourcesBuildPhase;
			buildActionMask = 2147483647;
			files = (
				371A317D1DE8861400E6919E /* AssignmentTests.m in Sources */,
			);
			runOnlyForDeploymentPostprocessing = 0;
		};
		371A317F1DE8861400E6919E /* Sources */ = {
			isa = PBXSourcesBuildPhase;
			buildActionMask = 2147483647;
			files = (
				371A31881DE8861400E6919E /* AssignmentUITests.m in Sources */,
			);
			runOnlyForDeploymentPostprocessing = 0;
		};
/* End PBXSourcesBuildPhase section */

/* Begin PBXTargetDependency section */
		371A317A1DE8861400E6919E /* PBXTargetDependency */ = {
			isa = PBXTargetDependency;
			target = 371A315E1DE8861300E6919E /* Assignment */;
			targetProxy = 371A31791DE8861400E6919E /* PBXContainerItemProxy */;
		};
		371A31851DE8861400E6919E /* PBXTargetDependency */ = {
			isa = PBXTargetDependency;
			target = 371A315E1DE8861300E6919E /* Assignment */;
			targetProxy = 371A31841DE8861400E6919E /* PBXContainerItemProxy */;
		};
/* End PBXTargetDependency section */

/* Begin PBXVariantGroup section */
		371A316B1DE8861300E6919E /* Main.storyboard */ = {
			isa = PBXVariantGroup;
			children = (
				371A316C1DE8861300E6919E /* Base */,
			);
			name = Main.storyboard;
			sourceTree = "<group>";
		};
		371A31701DE8861300E6919E /* LaunchScreen.storyboard */ = {
			isa = PBXVariantGroup;
			children = (
				371A31711DE8861300E6919E /* Base */,
			);
			name = LaunchScreen.storyboard;
			sourceTree = "<group>";
		};
/* End PBXVariantGroup section */

/* Begin XCBuildConfiguration section */
		371A318A1DE8861400E6919E /* Debug */ = {
			isa = XCBuildConfiguration;
			buildSettings = {
				ALWAYS_SEARCH_USER_PATHS = NO;
				CLANG_CXX_LANGUAGE_STANDARD = "gnu++0x";
				CLANG_CXX_LIBRARY = "libc++";
				CLANG_ENABLE_MODULES = YES;
				CLANG_ENABLE_OBJC_ARC = YES;
				CLANG_WARN_BOOL_CONVERSION = YES;
				CLANG_WARN_CONSTANT_CONVERSION = YES;
				CLANG_WARN_DIRECT_OBJC_ISA_USAGE = YES_ERROR;
				CLANG_WARN_EMPTY_BODY = YES;
				CLANG_WARN_ENUM_CONVERSION = YES;
				CLANG_WARN_INT_CONVERSION = YES;
				CLANG_WARN_OBJC_ROOT_CLASS = YES_ERROR;
				CLANG_WARN_UNREACHABLE_CODE = YES;
				CLANG_WARN__DUPLICATE_METHOD_MATCH = YES;
				"CODE_SIGN_IDENTITY[sdk=iphoneos*]" = "iPhone Developer";
				COPY_PHASE_STRIP = NO;
				DEBUG_INFORMATION_FORMAT = dwarf;
				ENABLE_STRICT_OBJC_MSGSEND = YES;
				ENABLE_TESTABILITY = YES;
				GCC_C_LANGUAGE_STANDARD = gnu99;
				GCC_DYNAMIC_NO_PIC = NO;
				GCC_NO_COMMON_BLOCKS = YES;
				GCC_OPTIMIZATION_LEVEL = 0;
				GCC_PREPROCESSOR_DEFINITIONS = (
					"DEBUG=1",
					"$(inherited)",
				);
				GCC_WARN_64_TO_32_BIT_CONVERSION = YES;
				GCC_WARN_ABOUT_RETURN_TYPE = YES_ERROR;
				GCC_WARN_UNDECLARED_SELECTOR = YES;
				GCC_WARN_UNINITIALIZED_AUTOS = YES_AGGRESSIVE;
				GCC_WARN_UNUSED_FUNCTION = YES;
				GCC_WARN_UNUSED_VARIABLE = YES;
				IPHONEOS_DEPLOYMENT_TARGET = 9.0;
				MTL_ENABLE_DEBUG_INFO = YES;
				ONLY_ACTIVE_ARCH = YES;
				SDKROOT = iphoneos;
			};
			name = Debug;
		};
		371A318B1DE8861400E6919E /* Release */ = {
			isa = XCBuildConfiguration;
			buildSettings = {
				ALWAYS_SEARCH_USER_PATHS = NO;
				CLANG_CXX_LANGUAGE_STANDARD = "gnu++0x";
				CLANG_CXX_LIBRARY = "libc++";
				CLANG_ENABLE_MODULES = YES;
				CLANG_ENABLE_OBJC_ARC = YES;
				CLANG_WARN_BOOL_CONVERSION = YES;
				CLANG_WARN_CONSTANT_CONVERSION = YES;
				CLANG_WARN_DIRECT_OBJC_ISA_USAGE = YES_ERROR;
				CLANG_WARN_EMPTY_BODY = YES;
				CLANG_WARN_ENUM_CONVERSION = YES;
				CLANG_WARN_INT_CONVERSION = YES;
				CLANG_WARN_OBJC_ROOT_CLASS = YES_ERROR;
				CLANG_WARN_UNREACHABLE_CODE = YES;
				CLANG_WARN__DUPLICATE_METHOD_MATCH = YES;
				"CODE_SIGN_IDENTITY[sdk=iphoneos*]" = "iPhone Developer";
				COPY_PHASE_STRIP = NO;
				DEBUG_INFORMATION_FORMAT = "dwarf-with-dsym";
				ENABLE_NS_ASSERTIONS = NO;
				ENABLE_STRICT_OBJC_MSGSEND = YES;
				GCC_C_LANGUAGE_STANDARD = gnu99;
				GCC_NO_COMMON_BLOCKS = YES;
				GCC_WARN_64_TO_32_BIT_CONVERSION = YES;
				GCC_WARN_ABOUT_RETURN_TYPE = YES_ERROR;
				GCC_WARN_UNDECLARED_SELECTOR = YES;
				GCC_WARN_UNINITIALIZED_AUTOS = YES_AGGRESSIVE;
				GCC_WARN_UNUSED_FUNCTION = YES;
				GCC_WARN_UNUSED_VARIABLE = YES;
				IPHONEOS_DEPLOYMENT_TARGET = 9.0;
				MTL_ENABLE_DEBUG_INFO = NO;
				SDKROOT = iphoneos;
				VALIDATE_PRODUCT = YES;
			};
			name = Release;
		};
		371A318D1DE8861400E6919E /* Debug */ = {
			isa = XCBuildConfiguration;
			buildSettings = {
				ASSETCATALOG_COMPILER_APPICON_NAME = AppIcon;
				INFOPLIST_FILE = Assignment/Info.plist;
				LD_RUNPATH_SEARCH_PATHS = "$(inherited) @executable_path/Frameworks";
				PRODUCT_BUNDLE_IDENTIFIER = com.MuhammadBilal.Assignment;
				PRODUCT_NAME = "$(TARGET_NAME)";
			};
			name = Debug;
		};
		371A318E1DE8861400E6919E /* Release */ = {
			isa = XCBuildConfiguration;
			buildSettings = {
				ASSETCATALOG_COMPILER_APPICON_NAME = AppIcon;
				INFOPLIST_FILE = Assignment/Info.plist;
				LD_RUNPATH_SEARCH_PATHS = "$(inherited) @executable_path/Frameworks";
				PRODUCT_BUNDLE_IDENTIFIER = com.MuhammadBilal.Assignment;
				PRODUCT_NAME = "$(TARGET_NAME)";
			};
			name = Release;
		};
		371A31901DE8861400E6919E /* Debug */ = {
			isa = XCBuildConfiguration;
			buildSettings = {
				BUNDLE_LOADER = "$(TEST_HOST)";
				INFOPLIST_FILE = AssignmentTests/Info.plist;
				LD_RUNPATH_SEARCH_PATHS = "$(inherited) @executable_path/Frameworks @loader_path/Frameworks";
				PRODUCT_BUNDLE_IDENTIFIER = com.MuhammadBilal.AssignmentTests;
				PRODUCT_NAME = "$(TARGET_NAME)";
				TEST_HOST = "$(BUILT_PRODUCTS_DIR)/Assignment.app/Assignment";
			};
			name = Debug;
		};
		371A31911DE8861400E6919E /* Release */ = {
			isa = XCBuildConfiguration;
			buildSettings = {
				BUNDLE_LOADER = "$(TEST_HOST)";
				INFOPLIST_FILE = AssignmentTests/Info.plist;
				LD_RUNPATH_SEARCH_PATHS = "$(inherited) @executable_path/Frameworks @loader_path/Frameworks";
				PRODUCT_BUNDLE_IDENTIFIER = com.MuhammadBilal.AssignmentTests;
				PRODUCT_NAME = "$(TARGET_NAME)";
				TEST_HOST = "$(BUILT_PRODUCTS_DIR)/Assignment.app/Assignment";
			};
			name = Release;
		};
		371A31931DE8861400E6919E /* Debug */ = {
			isa = XCBuildConfiguration;
			buildSettings = {
				INFOPLIST_FILE = AssignmentUITests/Info.plist;
				LD_RUNPATH_SEARCH_PATHS = "$(inherited) @executable_path/Frameworks @loader_path/Frameworks";
				PRODUCT_BUNDLE_IDENTIFIER = com.MuhammadBilal.AssignmentUITests;
				PRODUCT_NAME = "$(TARGET_NAME)";
				TEST_TARGET_NAME = Assignment;
				USES_XCTRUNNER = YES;
			};
			name = Debug;
		};
		371A31941DE8861400E6919E /* Release */ = {
			isa = XCBuildConfiguration;
			buildSettings = {
				INFOPLIST_FILE = AssignmentUITests/Info.plist;
				LD_RUNPATH_SEARCH_PATHS = "$(inherited) @executable_path/Frameworks @loader_path/Frameworks";
				PRODUCT_BUNDLE_IDENTIFIER = com.MuhammadBilal.AssignmentUITests;
				PRODUCT_NAME = "$(TARGET_NAME)";
				TEST_TARGET_NAME = Assignment;
				USES_XCTRUNNER = YES;
			};
			name = Release;
		};
/* End XCBuildConfiguration section */

/* Begin XCConfigurationList section */
		371A315A1DE8861300E6919E /* Build configuration list for PBXProject "Assignment" */ = {
			isa = XCConfigurationList;
			buildConfigurations = (
				371A318A1DE8861400E6919E /* Debug */,
				371A318B1DE8861400E6919E /* Release */,
			);
			defaultConfigurationIsVisible = 0;
			defaultConfigurationName = Release;
		};
		371A318C1DE8861400E6919E /* Build configuration list for PBXNativeTarget "Assignment" */ = {
			isa = XCConfigurationList;
			buildConfigurations = (
				371A318D1DE8861400E6919E /* Debug */,
				371A318E1DE8861400E6919E /* Release */,
			);
			defaultConfigurationIsVisible = 0;
			defaultConfigurationName = Release;
		};
		371A318F1DE8861400E6919E /* Build configuration list for PBXNativeTarget "AssignmentTests" */ = {
			isa = XCConfigurationList;
			buildConfigurations = (
				371A31901DE8861400E6919E /* Debug */,
				371A31911DE8861400E6919E /* Release */,
			);
			defaultConfigurationIsVisible = 0;
			defaultConfigurationName = Release;
		};
		371A31921DE8861400E6919E /* Build configuration list for PBXNativeTarget "AssignmentUITests" */ = {
			isa = XCConfigurationList;
			buildConfigurations = (
				371A31931DE8861400E6919E /* Debug */,
				371A31941DE8861400E6919E /* Release */,
			);
			defaultConfigurationIsVisible = 0;
			defaultConfigurationName = Release;
		};
/* End XCConfigurationList section */
	};
	rootObject = 371A31571DE8861300E6919E /* Project object */;
}
